// !$*UTF8*$!
{
	archiveVersion = 1;
	classes = {
	};
	objectVersion = 46;
	objects = {

/* Begin PBXBuildFile section */
		F03656A11E77BDF3009B418D /* main.m in Sources */ = {isa = PBXBuildFile; fileRef = F03656A01E77BDF3009B418D /* main.m */; };
		F03656A91E77BE9C009B418D /* Objective.m in Sources */ = {isa = PBXBuildFile; fileRef = F03656A81E77BE9C009B418D /* Objective.m */; };
		F03656AC1E77BEAA009B418D /* Swift.swift in Sources */ = {isa = PBXBuildFile; fileRef = F03656AB1E77BEAA009B418D /* Swift.swift */; };
/* End PBXBuildFile section */

/* Begin PBXCopyFilesBuildPhase section */
		F036569B1E77BDF3009B418D /* CopyFiles */ = {
			isa = PBXCopyFilesBuildPhase;
			buildActionMask = 2147483647;
			dstPath = /usr/share/man/man1/;
			dstSubfolderSpec = 0;
			files = (
			);
			runOnlyForDeploymentPostprocessing = 1;
		};
/* End PBXCopyFilesBuildPhase section */

/* Begin PBXFileReference section */
		F036569D1E77BDF3009B418D /* Swift_OC_混编 */ = {isa = PBXFileReference; explicitFileType = "compiled.mach-o.executable"; includeInIndex = 0; path = "Swift_OC_混编"; sourceTree = BUILT_PRODUCTS_DIR; };
		F03656A01E77BDF3009B418D /* main.m */ = {isa = PBXFileReference; lastKnownFileType = sourcecode.c.objc; path = main.m; sourceTree = "<group>"; };
		F03656A71E77BE9C009B418D /* Objective.h */ = {isa = PBXFileReference; fileEncoding = 4; lastKnownFileType = sourcecode.c.h; path = Objective.h; sourceTree = "<group>"; };
		F03656A81E77BE9C009B418D /* Objective.m */ = {isa = PBXFileReference; fileEncoding = 4; lastKnownFileType = sourcecode.c.objc; path = Objective.m; sourceTree = "<group>"; };
		F03656AA1E77BEAA009B418D /* Swift_OC_混编-Bridging-Header.h */ = {isa = PBXFileReference; lastKnownFileType = sourcecode.c.h; path = "Swift_OC_混编-Bridging-Header.h"; sourceTree = "<group>"; };
		F03656AB1E77BEAA009B418D /* Swift.swift */ = {isa = PBXFileReference; fileEncoding = 4; lastKnownFileType = sourcecode.swift; path = Swift.swift; sourceTree = "<group>"; };
/* End PBXFileReference section */

/* Begin PBXFrameworksBuildPhase section */
		F036569A1E77BDF3009B418D /* Frameworks */ = {
			isa = PBXFrameworksBuildPhase;
			buildActionMask = 2147483647;
			files = (
			);
			runOnlyForDeploymentPostprocessing = 0;
		};
/* End PBXFrameworksBuildPhase section */

/* Begin PBXGroup section */
		F03656941E77BDF3009B418D = {
			isa = PBXGroup;
			children = (
				F036569F1E77BDF3009B418D /* Swift_OC_混编 */,
				F036569E1E77BDF3009B418D /* Products */,
			);
			sourceTree = "<group>";
		};
		F036569E1E77BDF3009B418D /* Products */ = {
			isa = PBXGroup;
			children = (
				F036569D1E77BDF3009B418D /* Swift_OC_混编 */,
			);
			name = Products;
			sourceTree = "<group>";
		};
		F036569F1E77BDF3009B418D /* Swift_OC_混编 */ = {
			isa = PBXGroup;
			children = (
				F03656A01E77BDF3009B418D /* main.m */,
				F03656A71E77BE9C009B418D /* Objective.h */,
				F03656A81E77BE9C009B418D /* Objective.m */,
				F03656AB1E77BEAA009B418D /* Swift.swift */,
				F03656AA1E77BEAA009B418D /* Swift_OC_混编-Bridging-Header.h */,
			);
			path = "Swift_OC_混编";
			sourceTree = "<group>";
		};
/* End PBXGroup section */

/* Begin PBXNativeTarget section */
		F036569C1E77BDF3009B418D /* Swift_OC_混编 */ = {
			isa = PBXNativeTarget;
			buildConfigurationList = F03656A41E77BDF3009B418D /* Build configuration list for PBXNativeTarget "Swift_OC_混编" */;
			buildPhases = (
				F03656991E77BDF3009B418D /* Sources */,
				F036569A1E77BDF3009B418D /* Frameworks */,
				F036569B1E77BDF3009B418D /* CopyFiles */,
			);
			buildRules = (
			);
			dependencies = (
			);
			name = "Swift_OC_混编";
			productName = "Swift_OC_混编";
			productReference = F036569D1E77BDF3009B418D /* Swift_OC_混编 */;
			productType = "com.apple.product-type.tool";
		};
/* End PBXNativeTarget section */

/* Begin PBXProject section */
		F03656951E77BDF3009B418D /* Project object */ = {
			isa = PBXProject;
			attributes = {
				LastUpgradeCheck = 0820;
				ORGANIZATIONNAME = BJWenTianXia;
				TargetAttributes = {
					F036569C1E77BDF3009B418D = {
						CreatedOnToolsVersion = 8.2.1;
						DevelopmentTeam = LX8JJNUD85;
						LastSwiftMigration = 0820;
						ProvisioningStyle = Automatic;
					};
				};
			};
			buildConfigurationList = F03656981E77BDF3009B418D /* Build configuration list for PBXProject "Swift_OC_混编" */;
			compatibilityVersion = "Xcode 3.2";
			developmentRegion = English;
			hasScannedForEncodings = 0;
			knownRegions = (
				en,
			);
			mainGroup = F03656941E77BDF3009B418D;
			productRefGroup = F036569E1E77BDF3009B418D /* Products */;
			projectDirPath = "";
			projectRoot = "";
			targets = (
				F036569C1E77BDF3009B418D /* Swift_OC_混编 */,
			);
		};
/* End PBXProject section */

/* Begin PBXSourcesBuildPhase section */
		F03656991E77BDF3009B418D /* Sources */ = {
			isa = PBXSourcesBuildPhase;
			buildActionMask = 2147483647;
			files = (
				F03656A11E77BDF3009B418D /* main.m in Sources */,
				F03656AC1E77BEAA009B418D /* Swift.swift in Sources */,
				F03656A91E77BE9C009B418D /* Objective.m in Sources */,
			);
			runOnlyForDeploymentPostprocessing = 0;
		};
/* End PBXSourcesBuildPhase section */

/* Begin XCBuildConfiguration section */
		F03656A21E77BDF3009B418D /* Debug */ = {
			isa = XCBuildConfiguration;
			buildSettings = {
				ALWAYS_SEARCH_USER_PATHS = NO;
				CLANG_ANALYZER_NONNULL = YES;
				CLANG_CXX_LANGUAGE_STANDARD = "gnu++0x";
				CLANG_CXX_LIBRARY = "libc++";
				CLANG_ENABLE_MODULES = YES;
				CLANG_ENABLE_OBJC_ARC = YES;
				CLANG_WARN_BOOL_CONVERSION = YES;
				CLANG_WARN_CONSTANT_CONVERSION = YES;
				CLANG_WARN_DIRECT_OBJC_ISA_USAGE = YES_ERROR;
				CLANG_WARN_DOCUMENTATION_COMMENTS = YES;
				CLANG_WARN_EMPTY_BODY = YES;
				CLANG_WARN_ENUM_CONVERSION = YES;
				CLANG_WARN_INFINITE_RECURSION = YES;
				CLANG_WARN_INT_CONVERSION = YES;
				CLANG_WARN_OBJC_ROOT_CLASS = YES_ERROR;
				CLANG_WARN_SUSPICIOUS_MOVE = YES;
				CLANG_WARN_UNREACHABLE_CODE = YES;
				CLANG_WARN__DUPLICATE_METHOD_MATCH = YES;
				CODE_SIGN_IDENTITY = "-";
				COPY_PHASE_STRIP = NO;
				DEBUG_INFORMATION_FORMAT = dwarf;
				ENABLE_STRICT_OBJC_MSGSEND = YES;
				ENABLE_TESTABILITY = YES;
				GCC_C_LANGUAGE_STANDARD = gnu99;
				GCC_DYNAMIC_NO_PIC = NO;
				GCC_NO_COMMON_BLOCKS = YES;
				GCC_OPTIMIZATION_LEVEL = 0;
				GCC_PREPROCESSOR_DEFINITIONS = (
					"DEBUG=1",
					"$(inherited)",
				);
				GCC_WARN_64_TO_32_BIT_CONVERSION = YES;
				GCC_WARN_ABOUT_RETURN_TYPE = YES_ERROR;
				GCC_WARN_UNDECLARED_SELECTOR = YES;
				GCC_WARN_UNINITIALIZED_AUTOS = YES_AGGRESSIVE;
				GCC_WARN_UNUSED_FUNCTION = YES;
				GCC_WARN_UNUSED_VARIABLE = YES;
				MACOSX_DEPLOYMENT_TARGET = 10.12;
				MTL_ENABLE_DEBUG_INFO = YES;
				ONLY_ACTIVE_ARCH = YES;
				SDKROOT = macosx;
			};
			name = Debug;
		};
		F03656A31E77BDF3009B418D /* Release */ = {
			isa = XCBuildConfiguration;
			buildSettings = {
				ALWAYS_SEARCH_USER_PATHS = NO;
				CLANG_ANALYZER_NONNULL = YES;
				CLANG_CXX_LANGUAGE_STANDARD = "gnu++0x";
				CLANG_CXX_LIBRARY = "libc++";
				CLANG_ENABLE_MODULES = YES;
				CLANG_ENABLE_OBJC_ARC = YES;
				CLANG_WARN_BOOL_CONVERSION = YES;
				CLANG_WARN_CONSTANT_CONVERSION = YES;
				CLANG_WARN_DIRECT_OBJC_ISA_USAGE = YES_ERROR;
				CLANG_WARN_DOCUMENTATION_COMMENTS = YES;
				CLANG_WARN_EMPTY_BODY = YES;
				CLANG_WARN_ENUM_CONVERSION = YES;
				CLANG_WARN_INFINITE_RECURSION = YES;
				CLANG_WARN_INT_CONVERSION = YES;
				CLANG_WARN_OBJC_ROOT_CLASS = YES_ERROR;
				CLANG_WARN_SUSPICIOUS_MOVE = YES;
				CLANG_WARN_UNREACHABLE_CODE = YES;
				CLANG_WARN__DUPLICATE_METHOD_MATCH = YES;
				CODE_SIGN_IDENTITY = "-";
				COPY_PHASE_STRIP = NO;
				DEBUG_INFORMATION_FORMAT = "dwarf-with-dsym";
				ENABLE_NS_ASSERTIONS = NO;
				ENABLE_STRICT_OBJC_MSGSEND = YES;
				GCC_C_LANGUAGE_STANDARD = gnu99;
				GCC_NO_COMMON_BLOCKS = YES;
				GCC_WARN_64_TO_32_BIT_CONVERSION = YES;
				GCC_WARN_ABOUT_RETURN_TYPE = YES_ERROR;
				GCC_WARN_UNDECLARED_SELECTOR = YES;
				GCC_WARN_UNINITIALIZED_AUTOS = YES_AGGRESSIVE;
				GCC_WARN_UNUSED_FUNCTION = YES;
				GCC_WARN_UNUSED_VARIABLE = YES;
				MACOSX_DEPLOYMENT_TARGET = 10.12;
				MTL_ENABLE_DEBUG_INFO = NO;
				SDKROOT = macosx;
			};
			name = Release;
		};
		F03656A51E77BDF3009B418D /* Debug */ = {
			isa = XCBuildConfiguration;
			buildSettings = {
				CLANG_ENABLE_MODULES = YES;
				DEVELOPMENT_TEAM = LX8JJNUD85;
				LD_RUNPATH_SEARCH_PATHS = "$(inherited) @executable_path/../Frameworks @loader_path/../Frameworks";
				PRODUCT_NAME = "$(TARGET_NAME)";
				SWIFT_OBJC_BRIDGING_HEADER = "Swift_OC_混编/Swift_OC_混编-Bridging-Header.h";
				SWIFT_OPTIMIZATION_LEVEL = "-Onone";
				SWIFT_VERSION = 3.0;
			};
			name = Debug;
		};
		F03656A61E77BDF3009B418D /* Release */ = {
			isa = XCBuildConfiguration;
			buildSettings = {
				CLANG_ENABLE_MODULES = YES;
				DEVELOPMENT_TEAM = LX8JJNUD85;
				LD_RUNPATH_SEARCH_PATHS = "$(inherited) @executable_path/../Frameworks @loader_path/../Frameworks";
				PRODUCT_NAME = "$(TARGET_NAME)";
				SWIFT_OBJC_BRIDGING_HEADER = "Swift_OC_混编/Swift_OC_混编-Bridging-Header.h";
				SWIFT_VERSION = 3.0;
			};
			name = Release;
		};
/* End XCBuildConfiguration section */

/* Begin XCConfigurationList section */
		F03656981E77BDF3009B418D /* Build configuration list for PBXProject "Swift_OC_混编" */ = {
			isa = XCConfigurationList;
			buildConfigurations = (
				F03656A21E77BDF3009B418D /* Debug */,
				F03656A31E77BDF3009B418D /* Release */,
			);
			defaultConfigurationIsVisible = 0;
			defaultConfigurationName = Release;
		};
		F03656A41E77BDF3009B418D /* Build configuration list for PBXNativeTarget "Swift_OC_混编" */ = {
			isa = XCConfigurationList;
			buildConfigurations = (
				F03656A51E77BDF3009B418D /* Debug */,
				F03656A61E77BDF3009B418D /* Release */,
			);
			defaultConfigurationIsVisible = 0;
		};
/* End XCConfigurationList section */
	};
	rootObject = F03656951E77BDF3009B418D /* Project object */;
}
